
Microsoft Visual Studio Solution File, Format Version 12.00
# Visual Studio 15
VisualStudioVersion = 15.0.28307.645
MinimumVisualStudioVersion = 10.0.40219.1
Project("{FAE04EC0-301F-11D3-BF4B-00C04F79EFBC}") = "StockaProSSO.Auth", "StockaProSSO.Auth\StockaProSSO.Auth.csproj", "{FA214D3B-DE90-45EE-BC2E-B03BA9B7E0F4}"
EndProject
Project("{FAE04EC0-301F-11D3-BF4B-00C04F79EFBC}") = "StockaProSSO.Logic", "StockaProSSO.Logic\StockaProSSO.Logic.csproj", "{9B296CAD-6567-4D25-8484-2CA16B72295B}"
EndProject
Project("{FAE04EC0-301F-11D3-BF4B-00C04F79EFBC}") = "StockaProSSO.Domain", "StockaProSSO.Domain\StockaProSSO.Domain.csproj", "{1E0234EB-68B6-4AF3-A487-867558EDDF79}"
EndProject
Global
	GlobalSection(SolutionConfigurationPlatforms) = preSolution
		Debug|Any CPU = Debug|Any CPU
		Release|Any CPU = Release|Any CPU
	EndGlobalSection
	GlobalSection(ProjectConfigurationPlatforms) = postSolution
		{FA214D3B-DE90-45EE-BC2E-B03BA9B7E0F4}.Debug|Any CPU.ActiveCfg = Debug|Any CPU
		{FA214D3B-DE90-45EE-BC2E-B03BA9B7E0F4}.Debug|Any CPU.Build.0 = Debug|Any CPU
		{FA214D3B-DE90-45EE-BC2E-B03BA9B7E0F4}.Release|Any CPU.ActiveCfg = Release|Any CPU
		{FA214D3B-DE90-45EE-BC2E-B03BA9B7E0F4}.Release|Any CPU.Build.0 = Release|Any CPU
		{9B296CAD-6567-4D25-8484-2CA16B72295B}.Debug|Any CPU.ActiveCfg = Debug|Any CPU
		{9B296CAD-6567-4D25-8484-2CA16B72295B}.Debug|Any CPU.Build.0 = Debug|Any CPU
		{9B296CAD-6567-4D25-8484-2CA16B72295B}.Release|Any CPU.ActiveCfg = Release|Any CPU
		{9B296CAD-6567-4D25-8484-2CA16B72295B}.Release|Any CPU.Build.0 = Release|Any CPU
		{1E0234EB-68B6-4AF3-A487-867558EDDF79}.Debug|Any CPU.ActiveCfg = Debug|Any CPU
		{1E0234EB-68B6-4AF3-A487-867558EDDF79}.Debug|Any CPU.Build.0 = Debug|Any CPU
		{1E0234EB-68B6-4AF3-A487-867558EDDF79}.Release|Any CPU.ActiveCfg = Release|Any CPU
		{1E0234EB-68B6-4AF3-A487-867558EDDF79}.Release|Any CPU.Build.0 = Release|Any CPU
	EndGlobalSection
	GlobalSection(SolutionProperties) = preSolution
		HideSolutionNode = FALSE
	EndGlobalSection
	GlobalSection(ExtensibilityGlobals) = postSolution
		SolutionGuid = {3BF3D6E4-DBBB-4E0A-A67E-7B1BDA986A2D}
	EndGlobalSection
EndGlobal
